
Microsoft Visual Studio Solution File, Format Version 12.00
# Visual Studio 2012
Project("{FAE04EC0-301F-11D3-BF4B-00C04F79EFBC}") = "PacMan", "PacMan.csproj", "{E06CE526-D245-426D-9085-2EB792455AB6}"
EndProject
Global
	GlobalSection(SolutionConfigurationPlatforms) = preSolution
		Debug|Any CPU = Debug|Any CPU
		Release|Any CPU = Release|Any CPU
	EndGlobalSection
	GlobalSection(ProjectConfigurationPlatforms) = postSolution
		{E06CE526-D245-426D-9085-2EB792455AB6}.Debug|Any CPU.ActiveCfg = Debug|Any CPU
		{E06CE526-D245-426D-9085-2EB792455AB6}.Debug|Any CPU.Build.0 = Debug|Any CPU
		{E06CE526-D245-426D-9085-2EB792455AB6}.Release|Any CPU.ActiveCfg = Release|Any CPU
		{E06CE526-D245-426D-9085-2EB792455AB6}.Release|Any CPU.Build.0 = Release|Any CPU
	EndGlobalSection
	GlobalSection(SolutionProperties) = preSolution
		HideSolutionNode = FALSE
	EndGlobalSection
EndGlobal
